github.com/golang/mock v0.0.0-20160127222235-bd3c8e81be01 h1:rtnkE5nwSSDcZrbt4gcVsFPeSXXe7Nq2vCn9DBb0Y8I=
github.com/golang/mock v0.0.0-20160127222235-bd3c8e81be01/go.mod h1:oTYuIxOrZwtPieC+H1uAHpcLFnEyAGVDL/k47Jfbm0A=
github.com/golang/mock v1.2.0/go.mod h1:oTYuIxOrZwtPieC+H1uAHpcLFnEyAGVDL/k47Jfbm0A=
